# This file is automatically @generated by Cargo.
# It is not intended for manual editing.
version = 4

[[package]]
name = "autocfg"
version = "1.5.0"
source = "registry+https://github.com/rust-lang/crates.io-index"
checksum = "c08606f8c3cbf4ce6ec8e28fb0014a2c086708fe954eaa885384a6165172e7e8"

[[package]]
name = "bitflags"
version = "2.9.4"
source = "registry+https://github.com/rust-lang/crates.io-index"
checksum = "2261d10cca569e4643e526d8dc2e62e433cc8aba21ab764233731f8d369bf394"

[[package]]
name = "cc"
version = "1.2.40"
source = "registry+https://github.com/rust-lang/crates.io-index"
checksum = "e1d05d92f4b1fd76aad469d46cdd858ca761576082cd37df81416691e50199fb"
dependencies = [
 "find-msvc-tools",
 "shlex",
]

[[package]]
name = "cfg-if"
version = "1.0.3"
source = "registry+https://github.com/rust-lang/crates.io-index"
checksum = "2fd1289c04a9ea8cb22300a459a72a385d7c73d3259e2ed7dcb2af674838cfa9"

[[package]]
name = "cmake"
version = "0.1.54"
source = "registry+https://github.com/rust-lang/crates.io-index"
checksum = "e7caa3f9de89ddbe2c607f4101924c5abec803763ae9534e4f4d7d8f84aa81f0"
dependencies = [
 "cc",
]

[[package]]
name = "find-msvc-tools"
version = "0.1.3"
source = "registry+https://github.com/rust-lang/crates.io-index"
checksum = "0399f9d26e5191ce32c498bebd31e7a3ceabc2745f0ac54af3f335126c3f24b3"

[[package]]
name = "game"
version = "0.1.0"
dependencies = [
 "rand",
 "sfml",
]

[[package]]
name = "getrandom"
version = "0.3.3"
source = "registry+https://github.com/rust-lang/crates.io-index"
checksum = "26145e563e54f2cadc477553f1ec5ee650b00862f0a58bcd12cbdc5f0ea2d2f4"
dependencies = [
 "cfg-if",
 "libc",
 "r-efi",
 "wasi",
]

[[package]]
name = "libc"
version = "0.2.176"
source = "registry+https://github.com/rust-lang/crates.io-index"
checksum = "58f929b4d672ea937a23a1ab494143d968337a5f47e56d0815df1e0890ddf174"

[[package]]
name = "libflac-sys"
version = "0.3.4"
source = "registry+https://github.com/rust-lang/crates.io-index"
checksum = "6fc5cbb957a914952ee9b8667e82b984c6dc280087df01497fc5b4776d303582"
dependencies = [
 "cmake",
 "libc",
]

[[package]]
name = "link-cplusplus"
version = "1.0.12"
source = "registry+https://github.com/rust-lang/crates.io-index"
checksum = "7f78c730aaa7d0b9336a299029ea49f9ee53b0ed06e9202e8cb7db9bae7b8c82"
dependencies = [
 "cc",
]

[[package]]
name = "num-traits"
version = "0.2.19"
source = "registry+https://github.com/rust-lang/crates.io-index"
checksum = "071dfc062690e90b734c0b2273ce72ad0ffa95f0c74596bc250dcfd960262841"
dependencies = [
 "autocfg",
]

[[package]]
name = "pkg-config"
version = "0.3.32"
source = "registry+https://github.com/rust-lang/crates.io-index"
checksum = "7edddbd0b52d732b21ad9a5fab5c704c14cd949e5e9a1ec5929a24fded1b904c"

[[package]]
name = "ppv-lite86"
version = "0.2.21"
source = "registry+https://github.com/rust-lang/crates.io-index"
checksum = "85eae3c4ed2f50dcfe72643da4befc30deadb458a9b590d720cde2f2b1e97da9"
dependencies = [
 "zerocopy",
]

[[package]]
name = "proc-macro2"
version = "1.0.101"
source = "registry+https://github.com/rust-lang/crates.io-index"
checksum = "89ae43fd86e4158d6db51ad8e2b80f313af9cc74f5c0e03ccb87de09998732de"
dependencies = [
 "unicode-ident",
]

[[package]]
name = "quote"
version = "1.0.41"
source = "registry+https://github.com/rust-lang/crates.io-index"
checksum = "ce25767e7b499d1b604768e7cde645d14cc8584231ea6b295e9c9eb22c02e1d1"
dependencies = [
 "proc-macro2",
]

[[package]]
name = "r-efi"
version = "5.3.0"
source = "registry+https://github.com/rust-lang/crates.io-index"
checksum = "69cdb34c158ceb288df11e18b4bd39de994f6657d83847bdffdbd7f346754b0f"

[[package]]
name = "rand"
version = "0.9.2"
source = "registry+https://github.com/rust-lang/crates.io-index"
checksum = "6db2770f06117d490610c7488547d543617b21bfa07796d7a12f6f1bd53850d1"
dependencies = [
 "rand_chacha",
 "rand_core",
]

[[package]]
name = "rand_chacha"
version = "0.9.0"
source = "registry+https://github.com/rust-lang/crates.io-index"
checksum = "d3022b5f1df60f26e1ffddd6c66e8aa15de382ae63b3a0c1bfc0e4d3e3f325cb"
dependencies = [
 "ppv-lite86",
 "rand_core",
]

[[package]]
name = "rand_core"
version = "0.9.3"
source = "registry+https://github.com/rust-lang/crates.io-index"
checksum = "99d9a13982dcf210057a8a78572b2217b667c3beacbf3a0d8b454f6f82837d38"
dependencies = [
 "getrandom",
]

[[package]]
name = "sfml"
version = "0.25.0"
source = "registry+https://github.com/rust-lang/crates.io-index"
checksum = "47565b7287f2ed2395db868f0d74b783ceaa01ca930f42266df7ee669904e2ba"
dependencies = [
 "bitflags",
 "cc",
 "cmake",
 "libflac-sys",
 "link-cplusplus",
 "num-traits",
 "pkg-config",
 "widestring",
]

[[package]]
name = "shlex"
version = "1.3.0"
source = "registry+https://github.com/rust-lang/crates.io-index"
checksum = "0fda2ff0d084019ba4d7c6f371c95d8fd75ce3524c3cb8fb653a3023f6323e64"

[[package]]
name = "syn"
version = "2.0.106"
source = "registry+https://github.com/rust-lang/crates.io-index"
checksum = "ede7c438028d4436d71104916910f5bb611972c5cfd7f89b8300a8186e6fada6"
dependencies = [
 "proc-macro2",
 "quote",
 "unicode-ident",
]

[[package]]
name = "unicode-ident"
version = "1.0.19"
source = "registry+https://github.com/rust-lang/crates.io-index"
checksum = "f63a545481291138910575129486daeaf8ac54aee4387fe7906919f7830c7d9d"

[[package]]
name = "wasi"
version = "0.14.7+wasi-0.2.4"
source = "registry+https://github.com/rust-lang/crates.io-index"
checksum = "883478de20367e224c0090af9cf5f9fa85bed63a95c1abf3afc5c083ebc06e8c"
dependencies = [
 "wasip2",
]

[[package]]
name = "wasip2"
version = "1.0.1+wasi-0.2.4"
source = "registry+https://github.com/rust-lang/crates.io-index"
checksum = "0562428422c63773dad2c345a1882263bbf4d65cf3f42e90921f787ef5ad58e7"
dependencies = [
 "wit-bindgen",
]

[[package]]
name = "widestring"
version = "1.2.0"
source = "registry+https://github.com/rust-lang/crates.io-index"
checksum = "dd7cf3379ca1aac9eea11fba24fd7e315d621f8dfe35c8d7d2be8b793726e07d"

[[package]]
name = "wit-bindgen"
version = "0.46.0"
source = "registry+https://github.com/rust-lang/crates.io-index"
checksum = "f17a85883d4e6d00e8a97c586de764dabcc06133f7f1d55dce5cdc070ad7fe59"

[[package]]
name = "zerocopy"
version = "0.8.27"
source = "registry+https://github.com/rust-lang/crates.io-index"
checksum = "0894878a5fa3edfd6da3f88c4805f4c8558e2b996227a3d864f47fe11e38282c"
dependencies = [
 "zerocopy-derive",
]

[[package]]
name = "zerocopy-derive"
version = "0.8.27"
source = "registry+https://github.com/rust-lang/crates.io-index"
checksum = "88d2b8d9c68ad2b9e4340d7832716a4d21a22a1154777ad56ea55c51a9cf3831"
dependencies = [
 "proc-macro2",
 "quote",
 "syn",
]
